
Microsoft Visual Studio Solution File, Format Version 12.00
# Visual Studio Version 16
VisualStudioVersion = 16.0.32126.315
MinimumVisualStudioVersion = 10.0.40219.1
Project("{FAE04EC0-301F-11D3-BF4B-00C04F79EFBC}") = "Sürücü_Kursu_Otomasyonu", "Sürücü_Kursu_Otomasyonu.csproj", "{50624703-F76E-4BD6-9A12-23D7343A2B91}"
EndProject
Global
	GlobalSection(SolutionConfigurationPlatforms) = preSolution
		Debug|Any CPU = Debug|Any CPU
		Release|Any CPU = Release|Any CPU
	EndGlobalSection
	GlobalSection(ProjectConfigurationPlatforms) = postSolution
		{50624703-F76E-4BD6-9A12-23D7343A2B91}.Debug|Any CPU.ActiveCfg = Debug|Any CPU
		{50624703-F76E-4BD6-9A12-23D7343A2B91}.Debug|Any CPU.Build.0 = Debug|Any CPU
		{50624703-F76E-4BD6-9A12-23D7343A2B91}.Release|Any CPU.ActiveCfg = Release|Any CPU
		{50624703-F76E-4BD6-9A12-23D7343A2B91}.Release|Any CPU.Build.0 = Release|Any CPU
	EndGlobalSection
	GlobalSection(SolutionProperties) = preSolution
		HideSolutionNode = FALSE
	EndGlobalSection
	GlobalSection(ExtensibilityGlobals) = postSolution
		SolutionGuid = {B9188F4D-0EE9-439B-83F3-8BD423CABF00}
	EndGlobalSection
EndGlobal
